// !$*UTF8*$!
{
	archiveVersion = 1;
	classes = {
	};
	objectVersion = 50;
	objects = {

/* Begin PBXBuildFile section */
		462873F823975DB400004090 /* AppDelegate.swift in Sources */ = {isa = PBXBuildFile; fileRef = 462873F723975DB400004090 /* AppDelegate.swift */; };
		462873FA23975DB400004090 /* SceneDelegate.swift in Sources */ = {isa = PBXBuildFile; fileRef = 462873F923975DB400004090 /* SceneDelegate.swift */; };
		462873FC23975DB400004090 /* ViewController.swift in Sources */ = {isa = PBXBuildFile; fileRef = 462873FB23975DB400004090 /* ViewController.swift */; };
		462873FF23975DB400004090 /* Main.storyboard in Resources */ = {isa = PBXBuildFile; fileRef = 462873FD23975DB400004090 /* Main.storyboard */; };
		4628740123975DB600004090 /* Assets.xcassets in Resources */ = {isa = PBXBuildFile; fileRef = 4628740023975DB600004090 /* Assets.xcassets */; };
		4628740423975DB600004090 /* LaunchScreen.storyboard in Resources */ = {isa = PBXBuildFile; fileRef = 4628740223975DB600004090 /* LaunchScreen.storyboard */; };
		4628740F23975DB600004090 /* testMaterialTests.swift in Sources */ = {isa = PBXBuildFile; fileRef = 4628740E23975DB600004090 /* testMaterialTests.swift */; };
		4628741A23975DB600004090 /* testMaterialUITests.swift in Sources */ = {isa = PBXBuildFile; fileRef = 4628741923975DB600004090 /* testMaterialUITests.swift */; };
		5AE37B251711A782E120326F /* Pods_testMaterial.framework in Frameworks */ = {isa = PBXBuildFile; fileRef = EAE09503F866F636B6CDAD60 /* Pods_testMaterial.framework */; };
		89CC39E8D15993416CC3564B /* Pods_testMaterial_testMaterialUITests.framework in Frameworks */ = {isa = PBXBuildFile; fileRef = 72AD3E5E57232ACC209EEB18 /* Pods_testMaterial_testMaterialUITests.framework */; };
		F658F21898A6F15BDD14E425 /* Pods_testMaterialTests.framework in Frameworks */ = {isa = PBXBuildFile; fileRef = 6FD66F5E7D745CCC5A2655E1 /* Pods_testMaterialTests.framework */; };
/* End PBXBuildFile section */

/* Begin PBXContainerItemProxy section */
		4628740B23975DB600004090 /* PBXContainerItemProxy */ = {
			isa = PBXContainerItemProxy;
			containerPortal = 462873EC23975DB400004090 /* Project object */;
			proxyType = 1;
			remoteGlobalIDString = 462873F323975DB400004090;
			remoteInfo = testMaterial;
		};
		4628741623975DB600004090 /* PBXContainerItemProxy */ = {
			isa = PBXContainerItemProxy;
			containerPortal = 462873EC23975DB400004090 /* Project object */;
			proxyType = 1;
			remoteGlobalIDString = 462873F323975DB400004090;
			remoteInfo = testMaterial;
		};
/* End PBXContainerItemProxy section */

/* Begin PBXFileReference section */
		1C8BED4DF09B5A653A650AB8 /* Pods-testMaterial-testMaterialUITests.debug.xcconfig */ = {isa = PBXFileReference; includeInIndex = 1; lastKnownFileType = text.xcconfig; name = "Pods-testMaterial-testMaterialUITests.debug.xcconfig"; path = "Target Support Files/Pods-testMaterial-testMaterialUITests/Pods-testMaterial-testMaterialUITests.debug.xcconfig"; sourceTree = "<group>"; };
		307AC6341F27E31E3A801815 /* Pods-testMaterial.debug.xcconfig */ = {isa = PBXFileReference; includeInIndex = 1; lastKnownFileType = text.xcconfig; name = "Pods-testMaterial.debug.xcconfig"; path = "Target Support Files/Pods-testMaterial/Pods-testMaterial.debug.xcconfig"; sourceTree = "<group>"; };
		462873F423975DB400004090 /* testMaterial.app */ = {isa = PBXFileReference; explicitFileType = wrapper.application; includeInIndex = 0; path = testMaterial.app; sourceTree = BUILT_PRODUCTS_DIR; };
		462873F723975DB400004090 /* AppDelegate.swift */ = {isa = PBXFileReference; lastKnownFileType = sourcecode.swift; path = AppDelegate.swift; sourceTree = "<group>"; };
		462873F923975DB400004090 /* SceneDelegate.swift */ = {isa = PBXFileReference; lastKnownFileType = sourcecode.swift; path = SceneDelegate.swift; sourceTree = "<group>"; };
		462873FB23975DB400004090 /* ViewController.swift */ = {isa = PBXFileReference; lastKnownFileType = sourcecode.swift; path = ViewController.swift; sourceTree = "<group>"; };
		462873FE23975DB400004090 /* Base */ = {isa = PBXFileReference; lastKnownFileType = file.storyboard; name = Base; path = Base.lproj/Main.storyboard; sourceTree = "<group>"; };
		4628740023975DB600004090 /* Assets.xcassets */ = {isa = PBXFileReference; lastKnownFileType = folder.assetcatalog; path = Assets.xcassets; sourceTree = "<group>"; };
		4628740323975DB600004090 /* Base */ = {isa = PBXFileReference; lastKnownFileType = file.storyboard; name = Base; path = Base.lproj/LaunchScreen.storyboard; sourceTree = "<group>"; };
		4628740523975DB600004090 /* Info.plist */ = {isa = PBXFileReference; lastKnownFileType = text.plist.xml; path = Info.plist; sourceTree = "<group>"; };
		4628740A23975DB600004090 /* testMaterialTests.xctest */ = {isa = PBXFileReference; explicitFileType = wrapper.cfbundle; includeInIndex = 0; path = testMaterialTests.xctest; sourceTree = BUILT_PRODUCTS_DIR; };
		4628740E23975DB600004090 /* testMaterialTests.swift */ = {isa = PBXFileReference; lastKnownFileType = sourcecode.swift; path = testMaterialTests.swift; sourceTree = "<group>"; };
		4628741023975DB600004090 /* Info.plist */ = {isa = PBXFileReference; lastKnownFileType = text.plist.xml; path = Info.plist; sourceTree = "<group>"; };
		4628741523975DB600004090 /* testMaterialUITests.xctest */ = {isa = PBXFileReference; explicitFileType = wrapper.cfbundle; includeInIndex = 0; path = testMaterialUITests.xctest; sourceTree = BUILT_PRODUCTS_DIR; };
		4628741923975DB600004090 /* testMaterialUITests.swift */ = {isa = PBXFileReference; lastKnownFileType = sourcecode.swift; path = testMaterialUITests.swift; sourceTree = "<group>"; };
		4628741B23975DB600004090 /* Info.plist */ = {isa = PBXFileReference; lastKnownFileType = text.plist.xml; path = Info.plist; sourceTree = "<group>"; };
		6FD66F5E7D745CCC5A2655E1 /* Pods_testMaterialTests.framework */ = {isa = PBXFileReference; explicitFileType = wrapper.framework; includeInIndex = 0; path = Pods_testMaterialTests.framework; sourceTree = BUILT_PRODUCTS_DIR; };
		72AD3E5E57232ACC209EEB18 /* Pods_testMaterial_testMaterialUITests.framework */ = {isa = PBXFileReference; explicitFileType = wrapper.framework; includeInIndex = 0; path = Pods_testMaterial_testMaterialUITests.framework; sourceTree = BUILT_PRODUCTS_DIR; };
		775777672C3773CC5B7DDA75 /* Pods-testMaterialTests.debug.xcconfig */ = {isa = PBXFileReference; includeInIndex = 1; lastKnownFileType = text.xcconfig; name = "Pods-testMaterialTests.debug.xcconfig"; path = "Target Support Files/Pods-testMaterialTests/Pods-testMaterialTests.debug.xcconfig"; sourceTree = "<group>"; };
		851414A876030CFD94E03358 /* Pods-testMaterialTests.release.xcconfig */ = {isa = PBXFileReference; includeInIndex = 1; lastKnownFileType = text.xcconfig; name = "Pods-testMaterialTests.release.xcconfig"; path = "Target Support Files/Pods-testMaterialTests/Pods-testMaterialTests.release.xcconfig"; sourceTree = "<group>"; };
		E53B9F349019BE133BF0861B /* Pods-testMaterial-testMaterialUITests.release.xcconfig */ = {isa = PBXFileReference; includeInIndex = 1; lastKnownFileType = text.xcconfig; name = "Pods-testMaterial-testMaterialUITests.release.xcconfig"; path = "Target Support Files/Pods-testMaterial-testMaterialUITests/Pods-testMaterial-testMaterialUITests.release.xcconfig"; sourceTree = "<group>"; };
		E9D5F6CE3F8C1A2C6ABC5CFF /* Pods-testMaterial.release.xcconfig */ = {isa = PBXFileReference; includeInIndex = 1; lastKnownFileType = text.xcconfig; name = "Pods-testMaterial.release.xcconfig"; path = "Target Support Files/Pods-testMaterial/Pods-testMaterial.release.xcconfig"; sourceTree = "<group>"; };
		EAE09503F866F636B6CDAD60 /* Pods_testMaterial.framework */ = {isa = PBXFileReference; explicitFileType = wrapper.framework; includeInIndex = 0; path = Pods_testMaterial.framework; sourceTree = BUILT_PRODUCTS_DIR; };
/* End PBXFileReference section */

/* Begin PBXFrameworksBuildPhase section */
		462873F123975DB400004090 /* Frameworks */ = {
			isa = PBXFrameworksBuildPhase;
			buildActionMask = 2147483647;
			files = (
				5AE37B251711A782E120326F /* Pods_testMaterial.framework in Frameworks */,
			);
			runOnlyForDeploymentPostprocessing = 0;
		};
		4628740723975DB600004090 /* Frameworks */ = {
			isa = PBXFrameworksBuildPhase;
			buildActionMask = 2147483647;
			files = (
				F658F21898A6F15BDD14E425 /* Pods_testMaterialTests.framework in Frameworks */,
			);
			runOnlyForDeploymentPostprocessing = 0;
		};
		4628741223975DB600004090 /* Frameworks */ = {
			isa = PBXFrameworksBuildPhase;
			buildActionMask = 2147483647;
			files = (
				89CC39E8D15993416CC3564B /* Pods_testMaterial_testMaterialUITests.framework in Frameworks */,
			);
			runOnlyForDeploymentPostprocessing = 0;
		};
/* End PBXFrameworksBuildPhase section */

/* Begin PBXGroup section */
		3F4ED5C41FFACF5E079B13F7 /* Frameworks */ = {
			isa = PBXGroup;
			children = (
				EAE09503F866F636B6CDAD60 /* Pods_testMaterial.framework */,
				72AD3E5E57232ACC209EEB18 /* Pods_testMaterial_testMaterialUITests.framework */,
				6FD66F5E7D745CCC5A2655E1 /* Pods_testMaterialTests.framework */,
			);
			name = Frameworks;
			sourceTree = "<group>";
		};
		462873EB23975DB400004090 = {
			isa = PBXGroup;
			children = (
				462873F623975DB400004090 /* testMaterial */,
				4628740D23975DB600004090 /* testMaterialTests */,
				4628741823975DB600004090 /* testMaterialUITests */,
				462873F523975DB400004090 /* Products */,
				CC0BFFE0284B33E1A3A13C4C /* Pods */,
				3F4ED5C41FFACF5E079B13F7 /* Frameworks */,
			);
			sourceTree = "<group>";
		};
		462873F523975DB400004090 /* Products */ = {
			isa = PBXGroup;
			children = (
				462873F423975DB400004090 /* testMaterial.app */,
				4628740A23975DB600004090 /* testMaterialTests.xctest */,
				4628741523975DB600004090 /* testMaterialUITests.xctest */,
			);
			name = Products;
			sourceTree = "<group>";
		};
		462873F623975DB400004090 /* testMaterial */ = {
			isa = PBXGroup;
			children = (
				462873F723975DB400004090 /* AppDelegate.swift */,
				462873F923975DB400004090 /* SceneDelegate.swift */,
				462873FB23975DB400004090 /* ViewController.swift */,
				462873FD23975DB400004090 /* Main.storyboard */,
				4628740023975DB600004090 /* Assets.xcassets */,
				4628740223975DB600004090 /* LaunchScreen.storyboard */,
				4628740523975DB600004090 /* Info.plist */,
			);
			path = testMaterial;
			sourceTree = "<group>";
		};
		4628740D23975DB600004090 /* testMaterialTests */ = {
			isa = PBXGroup;
			children = (
				4628740E23975DB600004090 /* testMaterialTests.swift */,
				4628741023975DB600004090 /* Info.plist */,
			);
			path = testMaterialTests;
			sourceTree = "<group>";
		};
		4628741823975DB600004090 /* testMaterialUITests */ = {
			isa = PBXGroup;
			children = (
				4628741923975DB600004090 /* testMaterialUITests.swift */,
				4628741B23975DB600004090 /* Info.plist */,
			);
			path = testMaterialUITests;
			sourceTree = "<group>";
		};
		CC0BFFE0284B33E1A3A13C4C /* Pods */ = {
			isa = PBXGroup;
			children = (
				307AC6341F27E31E3A801815 /* Pods-testMaterial.debug.xcconfig */,
				E9D5F6CE3F8C1A2C6ABC5CFF /* Pods-testMaterial.release.xcconfig */,
				1C8BED4DF09B5A653A650AB8 /* Pods-testMaterial-testMaterialUITests.debug.xcconfig */,
				E53B9F349019BE133BF0861B /* Pods-testMaterial-testMaterialUITests.release.xcconfig */,
				775777672C3773CC5B7DDA75 /* Pods-testMaterialTests.debug.xcconfig */,
				851414A876030CFD94E03358 /* Pods-testMaterialTests.release.xcconfig */,
			);
			name = Pods;
			path = Pods;
			sourceTree = "<group>";
		};
/* End PBXGroup section */

/* Begin PBXNativeTarget section */
		462873F323975DB400004090 /* testMaterial */ = {
			isa = PBXNativeTarget;
			buildConfigurationList = 4628741E23975DB600004090 /* Build configuration list for PBXNativeTarget "testMaterial" */;
			buildPhases = (
				56DA74CBC34E45B7C47E9897 /* [CP] Check Pods Manifest.lock */,
				462873F023975DB400004090 /* Sources */,
				462873F123975DB400004090 /* Frameworks */,
				462873F223975DB400004090 /* Resources */,
				C490C4DFF8FA5B9F74FE4056 /* [CP] Embed Pods Frameworks */,
			);
			buildRules = (
			);
			dependencies = (
			);
			name = testMaterial;
			productName = testMaterial;
			productReference = 462873F423975DB400004090 /* testMaterial.app */;
			productType = "com.apple.product-type.application";
		};
		4628740923975DB600004090 /* testMaterialTests */ = {
			isa = PBXNativeTarget;
			buildConfigurationList = 4628742123975DB600004090 /* Build configuration list for PBXNativeTarget "testMaterialTests" */;
			buildPhases = (
				93A36DFC93329944DCA73C4B /* [CP] Check Pods Manifest.lock */,
				4628740623975DB600004090 /* Sources */,
				4628740723975DB600004090 /* Frameworks */,
				4628740823975DB600004090 /* Resources */,
			);
			buildRules = (
			);
			dependencies = (
				4628740C23975DB600004090 /* PBXTargetDependency */,
			);
			name = testMaterialTests;
			productName = testMaterialTests;
			productReference = 4628740A23975DB600004090 /* testMaterialTests.xctest */;
			productType = "com.apple.product-type.bundle.unit-test";
		};
		4628741423975DB600004090 /* testMaterialUITests */ = {
			isa = PBXNativeTarget;
			buildConfigurationList = 4628742423975DB600004090 /* Build configuration list for PBXNativeTarget "testMaterialUITests" */;
			buildPhases = (
				C7FEC83B0D4208EE98B11D16 /* [CP] Check Pods Manifest.lock */,
				4628741123975DB600004090 /* Sources */,
				4628741223975DB600004090 /* Frameworks */,
				4628741323975DB600004090 /* Resources */,
				AED5141B318EAB18571FD4CE /* [CP] Embed Pods Frameworks */,
			);
			buildRules = (
			);
			dependencies = (
				4628741723975DB600004090 /* PBXTargetDependency */,
			);
			name = testMaterialUITests;
			productName = testMaterialUITests;
			productReference = 4628741523975DB600004090 /* testMaterialUITests.xctest */;
			productType = "com.apple.product-type.bundle.ui-testing";
		};
/* End PBXNativeTarget section */

/* Begin PBXProject section */
		462873EC23975DB400004090 /* Project object */ = {
			isa = PBXProject;
			attributes = {
				LastSwiftUpdateCheck = 1120;
				LastUpgradeCheck = 1120;
				ORGANIZATIONNAME = "miguel tomairo";
				TargetAttributes = {
					462873F323975DB400004090 = {
						CreatedOnToolsVersion = 11.2.1;
					};
					4628740923975DB600004090 = {
						CreatedOnToolsVersion = 11.2.1;
						TestTargetID = 462873F323975DB400004090;
					};
					4628741423975DB600004090 = {
						CreatedOnToolsVersion = 11.2.1;
						TestTargetID = 462873F323975DB400004090;
					};
				};
			};
			buildConfigurationList = 462873EF23975DB400004090 /* Build configuration list for PBXProject "testMaterial" */;
			compatibilityVersion = "Xcode 9.3";
			developmentRegion = en;
			hasScannedForEncodings = 0;
			knownRegions = (
				en,
				Base,
			);
			mainGroup = 462873EB23975DB400004090;
			productRefGroup = 462873F523975DB400004090 /* Products */;
			projectDirPath = "";
			projectRoot = "";
			targets = (
				462873F323975DB400004090 /* testMaterial */,
				4628740923975DB600004090 /* testMaterialTests */,
				4628741423975DB600004090 /* testMaterialUITests */,
			);
		};
/* End PBXProject section */

/* Begin PBXResourcesBuildPhase section */
		462873F223975DB400004090 /* Resources */ = {
			isa = PBXResourcesBuildPhase;
			buildActionMask = 2147483647;
			files = (
				4628740423975DB600004090 /* LaunchScreen.storyboard in Resources */,
				4628740123975DB600004090 /* Assets.xcassets in Resources */,
				462873FF23975DB400004090 /* Main.storyboard in Resources */,
			);
			runOnlyForDeploymentPostprocessing = 0;
		};
		4628740823975DB600004090 /* Resources */ = {
			isa = PBXResourcesBuildPhase;
			buildActionMask = 2147483647;
			files = (
			);
			runOnlyForDeploymentPostprocessing = 0;
		};
		4628741323975DB600004090 /* Resources */ = {
			isa = PBXResourcesBuildPhase;
			buildActionMask = 2147483647;
			files = (
			);
			runOnlyForDeploymentPostprocessing = 0;
		};
/* End PBXResourcesBuildPhase section */

/* Begin PBXShellScriptBuildPhase section */
		56DA74CBC34E45B7C47E9897 /* [CP] Check Pods Manifest.lock */ = {
			isa = PBXShellScriptBuildPhase;
			buildActionMask = 2147483647;
			files = (
			);
			inputFileListPaths = (
			);
			inputPaths = (
				"${PODS_PODFILE_DIR_PATH}/Podfile.lock",
				"${PODS_ROOT}/Manifest.lock",
			);
			name = "[CP] Check Pods Manifest.lock";
			outputFileListPaths = (
			);
			outputPaths = (
				"$(DERIVED_FILE_DIR)/Pods-testMaterial-checkManifestLockResult.txt",
			);
			runOnlyForDeploymentPostprocessing = 0;
			shellPath = /bin/sh;
			shellScript = "diff \"${PODS_PODFILE_DIR_PATH}/Podfile.lock\" \"${PODS_ROOT}/Manifest.lock\" > /dev/null\nif [ $? != 0 ] ; then\n    # print error to STDERR\n    echo \"error: The sandbox is not in sync with the Podfile.lock. Run 'pod install' or update your CocoaPods installation.\" >&2\n    exit 1\nfi\n# This output is used by Xcode 'outputs' to avoid re-running this script phase.\necho \"SUCCESS\" > \"${SCRIPT_OUTPUT_FILE_0}\"\n";
			showEnvVarsInLog = 0;
		};
		93A36DFC93329944DCA73C4B /* [CP] Check Pods Manifest.lock */ = {
			isa = PBXShellScriptBuildPhase;
			buildActionMask = 2147483647;
			files = (
			);
			inputFileListPaths = (
			);
			inputPaths = (
				"${PODS_PODFILE_DIR_PATH}/Podfile.lock",
				"${PODS_ROOT}/Manifest.lock",
			);
			name = "[CP] Check Pods Manifest.lock";
			outputFileListPaths = (
			);
			outputPaths = (
				"$(DERIVED_FILE_DIR)/Pods-testMaterialTests-checkManifestLockResult.txt",
			);
			runOnlyForDeploymentPostprocessing = 0;
			shellPath = /bin/sh;
			shellScript = "diff \"${PODS_PODFILE_DIR_PATH}/Podfile.lock\" \"${PODS_ROOT}/Manifest.lock\" > /dev/null\nif [ $? != 0 ] ; then\n    # print error to STDERR\n    echo \"error: The sandbox is not in sync with the Podfile.lock. Run 'pod install' or update your CocoaPods installation.\" >&2\n    exit 1\nfi\n# This output is used by Xcode 'outputs' to avoid re-running this script phase.\necho \"SUCCESS\" > \"${SCRIPT_OUTPUT_FILE_0}\"\n";
			showEnvVarsInLog = 0;
		};
		AED5141B318EAB18571FD4CE /* [CP] Embed Pods Frameworks */ = {
			isa = PBXShellScriptBuildPhase;
			buildActionMask = 2147483647;
			files = (
			);
			inputFileListPaths = (
				"${PODS_ROOT}/Target Support Files/Pods-testMaterial-testMaterialUITests/Pods-testMaterial-testMaterialUITests-frameworks-${CONFIGURATION}-input-files.xcfilelist",
			);
			name = "[CP] Embed Pods Frameworks";
			outputFileListPaths = (
				"${PODS_ROOT}/Target Support Files/Pods-testMaterial-testMaterialUITests/Pods-testMaterial-testMaterialUITests-frameworks-${CONFIGURATION}-output-files.xcfilelist",
			);
			runOnlyForDeploymentPostprocessing = 0;
			shellPath = /bin/sh;
			shellScript = "\"${PODS_ROOT}/Target Support Files/Pods-testMaterial-testMaterialUITests/Pods-testMaterial-testMaterialUITests-frameworks.sh\"\n";
			showEnvVarsInLog = 0;
		};
		C490C4DFF8FA5B9F74FE4056 /* [CP] Embed Pods Frameworks */ = {
			isa = PBXShellScriptBuildPhase;
			buildActionMask = 2147483647;
			files = (
			);
			inputFileListPaths = (
				"${PODS_ROOT}/Target Support Files/Pods-testMaterial/Pods-testMaterial-frameworks-${CONFIGURATION}-input-files.xcfilelist",
			);
			name = "[CP] Embed Pods Frameworks";
			outputFileListPaths = (
				"${PODS_ROOT}/Target Support Files/Pods-testMaterial/Pods-testMaterial-frameworks-${CONFIGURATION}-output-files.xcfilelist",
			);
			runOnlyForDeploymentPostprocessing = 0;
			shellPath = /bin/sh;
			shellScript = "\"${PODS_ROOT}/Target Support Files/Pods-testMaterial/Pods-testMaterial-frameworks.sh\"\n";
			showEnvVarsInLog = 0;
		};
		C7FEC83B0D4208EE98B11D16 /* [CP] Check Pods Manifest.lock */ = {
			isa = PBXShellScriptBuildPhase;
			buildActionMask = 2147483647;
			files = (
			);
			inputFileListPaths = (
			);
			inputPaths = (
				"${PODS_PODFILE_DIR_PATH}/Podfile.lock",
				"${PODS_ROOT}/Manifest.lock",
			);
			name = "[CP] Check Pods Manifest.lock";
			outputFileListPaths = (
			);
			outputPaths = (
				"$(DERIVED_FILE_DIR)/Pods-testMaterial-testMaterialUITests-checkManifestLockResult.txt",
			);
			runOnlyForDeploymentPostprocessing = 0;
			shellPath = /bin/sh;
			shellScript = "diff \"${PODS_PODFILE_DIR_PATH}/Podfile.lock\" \"${PODS_ROOT}/Manifest.lock\" > /dev/null\nif [ $? != 0 ] ; then\n    # print error to STDERR\n    echo \"error: The sandbox is not in sync with the Podfile.lock. Run 'pod install' or update your CocoaPods installation.\" >&2\n    exit 1\nfi\n# This output is used by Xcode 'outputs' to avoid re-running this script phase.\necho \"SUCCESS\" > \"${SCRIPT_OUTPUT_FILE_0}\"\n";
			showEnvVarsInLog = 0;
		};
/* End PBXShellScriptBuildPhase section */

/* Begin PBXSourcesBuildPhase section */
		462873F023975DB400004090 /* Sources */ = {
			isa = PBXSourcesBuildPhase;
			buildActionMask = 2147483647;
			files = (
				462873FC23975DB400004090 /* ViewController.swift in Sources */,
				462873F823975DB400004090 /* AppDelegate.swift in Sources */,
				462873FA23975DB400004090 /* SceneDelegate.swift in Sources */,
			);
			runOnlyForDeploymentPostprocessing = 0;
		};
		4628740623975DB600004090 /* Sources */ = {
			isa = PBXSourcesBuildPhase;
			buildActionMask = 2147483647;
			files = (
				4628740F23975DB600004090 /* testMaterialTests.swift in Sources */,
			);
			runOnlyForDeploymentPostprocessing = 0;
		};
		4628741123975DB600004090 /* Sources */ = {
			isa = PBXSourcesBuildPhase;
			buildActionMask = 2147483647;
			files = (
				4628741A23975DB600004090 /* testMaterialUITests.swift in Sources */,
			);
			runOnlyForDeploymentPostprocessing = 0;
		};
/* End PBXSourcesBuildPhase section */

/* Begin PBXTargetDependency section */
		4628740C23975DB600004090 /* PBXTargetDependency */ = {
			isa = PBXTargetDependency;
			target = 462873F323975DB400004090 /* testMaterial */;
			targetProxy = 4628740B23975DB600004090 /* PBXContainerItemProxy */;
		};
		4628741723975DB600004090 /* PBXTargetDependency */ = {
			isa = PBXTargetDependency;
			target = 462873F323975DB400004090 /* testMaterial */;
			targetProxy = 4628741623975DB600004090 /* PBXContainerItemProxy */;
		};
/* End PBXTargetDependency section */

/* Begin PBXVariantGroup section */
		462873FD23975DB400004090 /* Main.storyboard */ = {
			isa = PBXVariantGroup;
			children = (
				462873FE23975DB400004090 /* Base */,
			);
			name = Main.storyboard;
			sourceTree = "<group>";
		};
		4628740223975DB600004090 /* LaunchScreen.storyboard */ = {
			isa = PBXVariantGroup;
			children = (
				4628740323975DB600004090 /* Base */,
			);
			name = LaunchScreen.storyboard;
			sourceTree = "<group>";
		};
/* End PBXVariantGroup section */

/* Begin XCBuildConfiguration section */
		4628741C23975DB600004090 /* Debug */ = {
			isa = XCBuildConfiguration;
			buildSettings = {
				ALWAYS_SEARCH_USER_PATHS = NO;
				CLANG_ANALYZER_NONNULL = YES;
				CLANG_ANALYZER_NUMBER_OBJECT_CONVERSION = YES_AGGRESSIVE;
				CLANG_CXX_LANGUAGE_STANDARD = "gnu++14";
				CLANG_CXX_LIBRARY = "libc++";
				CLANG_ENABLE_MODULES = YES;
				CLANG_ENABLE_OBJC_ARC = YES;
				CLANG_ENABLE_OBJC_WEAK = YES;
				CLANG_WARN_BLOCK_CAPTURE_AUTORELEASING = YES;
				CLANG_WARN_BOOL_CONVERSION = YES;
				CLANG_WARN_COMMA = YES;
				CLANG_WARN_CONSTANT_CONVERSION = YES;
				CLANG_WARN_DEPRECATED_OBJC_IMPLEMENTATIONS = YES;
				CLANG_WARN_DIRECT_OBJC_ISA_USAGE = YES_ERROR;
				CLANG_WARN_DOCUMENTATION_COMMENTS = YES;
				CLANG_WARN_EMPTY_BODY = YES;
				CLANG_WARN_ENUM_CONVERSION = YES;
				CLANG_WARN_INFINITE_RECURSION = YES;
				CLANG_WARN_INT_CONVERSION = YES;
				CLANG_WARN_NON_LITERAL_NULL_CONVERSION = YES;
				CLANG_WARN_OBJC_IMPLICIT_RETAIN_SELF = YES;
				CLANG_WARN_OBJC_LITERAL_CONVERSION = YES;
				CLANG_WARN_OBJC_ROOT_CLASS = YES_ERROR;
				CLANG_WARN_RANGE_LOOP_ANALYSIS = YES;
				CLANG_WARN_STRICT_PROTOTYPES = YES;
				CLANG_WARN_SUSPICIOUS_MOVE = YES;
				CLANG_WARN_UNGUARDED_AVAILABILITY = YES_AGGRESSIVE;
				CLANG_WARN_UNREACHABLE_CODE = YES;
				CLANG_WARN__DUPLICATE_METHOD_MATCH = YES;
				COPY_PHASE_STRIP = NO;
				DEBUG_INFORMATION_FORMAT = dwarf;
				ENABLE_STRICT_OBJC_MSGSEND = YES;
				ENABLE_TESTABILITY = YES;
				GCC_C_LANGUAGE_STANDARD = gnu11;
				GCC_DYNAMIC_NO_PIC = NO;
				GCC_NO_COMMON_BLOCKS = YES;
				GCC_OPTIMIZATION_LEVEL = 0;
				GCC_PREPROCESSOR_DEFINITIONS = (
					"DEBUG=1",
					"$(inherited)",
				);
				GCC_WARN_64_TO_32_BIT_CONVERSION = YES;
				GCC_WARN_ABOUT_RETURN_TYPE = YES_ERROR;
				GCC_WARN_UNDECLARED_SELECTOR = YES;
				GCC_WARN_UNINITIALIZED_AUTOS = YES_AGGRESSIVE;
				GCC_WARN_UNUSED_FUNCTION = YES;
				GCC_WARN_UNUSED_VARIABLE = YES;
				IPHONEOS_DEPLOYMENT_TARGET = 13.2;
				MTL_ENABLE_DEBUG_INFO = INCLUDE_SOURCE;
				MTL_FAST_MATH = YES;
				ONLY_ACTIVE_ARCH = YES;
				SDKROOT = iphoneos;
				SWIFT_ACTIVE_COMPILATION_CONDITIONS = DEBUG;
				SWIFT_OPTIMIZATION_LEVEL = "-Onone";
			};
			name = Debug;
		};
		4628741D23975DB600004090 /* Release */ = {
			isa = XCBuildConfiguration;
			buildSettings = {
				ALWAYS_SEARCH_USER_PATHS = NO;
				CLANG_ANALYZER_NONNULL = YES;
				CLANG_ANALYZER_NUMBER_OBJECT_CONVERSION = YES_AGGRESSIVE;
				CLANG_CXX_LANGUAGE_STANDARD = "gnu++14";
				CLANG_CXX_LIBRARY = "libc++";
				CLANG_ENABLE_MODULES = YES;
				CLANG_ENABLE_OBJC_ARC = YES;
				CLANG_ENABLE_OBJC_WEAK = YES;
				CLANG_WARN_BLOCK_CAPTURE_AUTORELEASING = YES;
				CLANG_WARN_BOOL_CONVERSION = YES;
				CLANG_WARN_COMMA = YES;
				CLANG_WARN_CONSTANT_CONVERSION = YES;
				CLANG_WARN_DEPRECATED_OBJC_IMPLEMENTATIONS = YES;
				CLANG_WARN_DIRECT_OBJC_ISA_USAGE = YES_ERROR;
				CLANG_WARN_DOCUMENTATION_COMMENTS = YES;
				CLANG_WARN_EMPTY_BODY = YES;
				CLANG_WARN_ENUM_CONVERSION = YES;
				CLANG_WARN_INFINITE_RECURSION = YES;
				CLANG_WARN_INT_CONVERSION = YES;
				CLANG_WARN_NON_LITERAL_NULL_CONVERSION = YES;
				CLANG_WARN_OBJC_IMPLICIT_RETAIN_SELF = YES;
				CLANG_WARN_OBJC_LITERAL_CONVERSION = YES;
				CLANG_WARN_OBJC_ROOT_CLASS = YES_ERROR;
				CLANG_WARN_RANGE_LOOP_ANALYSIS = YES;
				CLANG_WARN_STRICT_PROTOTYPES = YES;
				CLANG_WARN_SUSPICIOUS_MOVE = YES;
				CLANG_WARN_UNGUARDED_AVAILABILITY = YES_AGGRESSIVE;
				CLANG_WARN_UNREACHABLE_CODE = YES;
				CLANG_WARN__DUPLICATE_METHOD_MATCH = YES;
				COPY_PHASE_STRIP = NO;
				DEBUG_INFORMATION_FORMAT = "dwarf-with-dsym";
				ENABLE_NS_ASSERTIONS = NO;
				ENABLE_STRICT_OBJC_MSGSEND = YES;
				GCC_C_LANGUAGE_STANDARD = gnu11;
				GCC_NO_COMMON_BLOCKS = YES;
				GCC_WARN_64_TO_32_BIT_CONVERSION = YES;
				GCC_WARN_ABOUT_RETURN_TYPE = YES_ERROR;
				GCC_WARN_UNDECLARED_SELECTOR = YES;
				GCC_WARN_UNINITIALIZED_AUTOS = YES_AGGRESSIVE;
				GCC_WARN_UNUSED_FUNCTION = YES;
				GCC_WARN_UNUSED_VARIABLE = YES;
				IPHONEOS_DEPLOYMENT_TARGET = 13.2;
				MTL_ENABLE_DEBUG_INFO = NO;
				MTL_FAST_MATH = YES;
				SDKROOT = iphoneos;
				SWIFT_COMPILATION_MODE = wholemodule;
				SWIFT_OPTIMIZATION_LEVEL = "-O";
				VALIDATE_PRODUCT = YES;
			};
			name = Release;
		};
		4628741F23975DB600004090 /* Debug */ = {
			isa = XCBuildConfiguration;
			baseConfigurationReference = 307AC6341F27E31E3A801815 /* Pods-testMaterial.debug.xcconfig */;
			buildSettings = {
				ASSETCATALOG_COMPILER_APPICON_NAME = AppIcon;
				CODE_SIGN_STYLE = Automatic;
				DEVELOPMENT_TEAM = P6FCYRT7JM;
				INFOPLIST_FILE = testMaterial/Info.plist;
				LD_RUNPATH_SEARCH_PATHS = (
					"$(inherited)",
					"@executable_path/Frameworks",
				);
				PRODUCT_BUNDLE_IDENTIFIER = com.rapser.testMaterial;
				PRODUCT_NAME = "$(TARGET_NAME)";
				SWIFT_VERSION = 5.0;
				TARGETED_DEVICE_FAMILY = "1,2";
			};
			name = Debug;
		};
		4628742023975DB600004090 /* Release */ = {
			isa = XCBuildConfiguration;
			baseConfigurationReference = E9D5F6CE3F8C1A2C6ABC5CFF /* Pods-testMaterial.release.xcconfig */;
			buildSettings = {
				ASSETCATALOG_COMPILER_APPICON_NAME = AppIcon;
				CODE_SIGN_STYLE = Automatic;
				DEVELOPMENT_TEAM = P6FCYRT7JM;
				INFOPLIST_FILE = testMaterial/Info.plist;
				LD_RUNPATH_SEARCH_PATHS = (
					"$(inherited)",
					"@executable_path/Frameworks",
				);
				PRODUCT_BUNDLE_IDENTIFIER = com.rapser.testMaterial;
				PRODUCT_NAME = "$(TARGET_NAME)";
				SWIFT_VERSION = 5.0;
				TARGETED_DEVICE_FAMILY = "1,2";
			};
			name = Release;
		};
		4628742223975DB600004090 /* Debug */ = {
			isa = XCBuildConfiguration;
			baseConfigurationReference = 775777672C3773CC5B7DDA75 /* Pods-testMaterialTests.debug.xcconfig */;
			buildSettings = {
				ALWAYS_EMBED_SWIFT_STANDARD_LIBRARIES = YES;
				BUNDLE_LOADER = "$(TEST_HOST)";
				CODE_SIGN_STYLE = Automatic;
				DEVELOPMENT_TEAM = P6FCYRT7JM;
				INFOPLIST_FILE = testMaterialTests/Info.plist;
				IPHONEOS_DEPLOYMENT_TARGET = 13.2;
				LD_RUNPATH_SEARCH_PATHS = (
					"$(inherited)",
					"@executable_path/Frameworks",
					"@loader_path/Frameworks",
				);
				PRODUCT_BUNDLE_IDENTIFIER = com.rapser.testMaterialTests;
				PRODUCT_NAME = "$(TARGET_NAME)";
				SWIFT_VERSION = 5.0;
				TARGETED_DEVICE_FAMILY = "1,2";
				TEST_HOST = "$(BUILT_PRODUCTS_DIR)/testMaterial.app/testMaterial";
			};
			name = Debug;
		};
		4628742323975DB600004090 /* Release */ = {
			isa = XCBuildConfiguration;
			baseConfigurationReference = 851414A876030CFD94E03358 /* Pods-testMaterialTests.release.xcconfig */;
			buildSettings = {
				ALWAYS_EMBED_SWIFT_STANDARD_LIBRARIES = YES;
				BUNDLE_LOADER = "$(TEST_HOST)";
				CODE_SIGN_STYLE = Automatic;
				DEVELOPMENT_TEAM = P6FCYRT7JM;
				INFOPLIST_FILE = testMaterialTests/Info.plist;
				IPHONEOS_DEPLOYMENT_TARGET = 13.2;
				LD_RUNPATH_SEARCH_PATHS = (
					"$(inherited)",
					"@executable_path/Frameworks",
					"@loader_path/Frameworks",
				);
				PRODUCT_BUNDLE_IDENTIFIER = com.rapser.testMaterialTests;
				PRODUCT_NAME = "$(TARGET_NAME)";
				SWIFT_VERSION = 5.0;
				TARGETED_DEVICE_FAMILY = "1,2";
				TEST_HOST = "$(BUILT_PRODUCTS_DIR)/testMaterial.app/testMaterial";
			};
			name = Release;
		};
		4628742523975DB600004090 /* Debug */ = {
			isa = XCBuildConfiguration;
			baseConfigurationReference = 1C8BED4DF09B5A653A650AB8 /* Pods-testMaterial-testMaterialUITests.debug.xcconfig */;
			buildSettings = {
				ALWAYS_EMBED_SWIFT_STANDARD_LIBRARIES = YES;
				CODE_SIGN_STYLE = Automatic;
				DEVELOPMENT_TEAM = P6FCYRT7JM;
				INFOPLIST_FILE = testMaterialUITests/Info.plist;
				LD_RUNPATH_SEARCH_PATHS = (
					"$(inherited)",
					"@executable_path/Frameworks",
					"@loader_path/Frameworks",
				);
				PRODUCT_BUNDLE_IDENTIFIER = com.rapser.testMaterialUITests;
				PRODUCT_NAME = "$(TARGET_NAME)";
				SWIFT_VERSION = 5.0;
				TARGETED_DEVICE_FAMILY = "1,2";
				TEST_TARGET_NAME = testMaterial;
			};
			name = Debug;
		};
		4628742623975DB600004090 /* Release */ = {
			isa = XCBuildConfiguration;
			baseConfigurationReference = E53B9F349019BE133BF0861B /* Pods-testMaterial-testMaterialUITests.release.xcconfig */;
			buildSettings = {
				ALWAYS_EMBED_SWIFT_STANDARD_LIBRARIES = YES;
				CODE_SIGN_STYLE = Automatic;
				DEVELOPMENT_TEAM = P6FCYRT7JM;
				INFOPLIST_FILE = testMaterialUITests/Info.plist;
				LD_RUNPATH_SEARCH_PATHS = (
					"$(inherited)",
					"@executable_path/Frameworks",
					"@loader_path/Frameworks",
				);
				PRODUCT_BUNDLE_IDENTIFIER = com.rapser.testMaterialUITests;
				PRODUCT_NAME = "$(TARGET_NAME)";
				SWIFT_VERSION = 5.0;
				TARGETED_DEVICE_FAMILY = "1,2";
				TEST_TARGET_NAME = testMaterial;
			};
			name = Release;
		};
/* End XCBuildConfiguration section */

/* Begin XCConfigurationList section */
		462873EF23975DB400004090 /* Build configuration list for PBXProject "testMaterial" */ = {
			isa = XCConfigurationList;
			buildConfigurations = (
				4628741C23975DB600004090 /* Debug */,
				4628741D23975DB600004090 /* Release */,
			);
			defaultConfigurationIsVisible = 0;
			defaultConfigurationName = Release;
		};
		4628741E23975DB600004090 /* Build configuration list for PBXNativeTarget "testMaterial" */ = {
			isa = XCConfigurationList;
			buildConfigurations = (
				4628741F23975DB600004090 /* Debug */,
				4628742023975DB600004090 /* Release */,
			);
			defaultConfigurationIsVisible = 0;
			defaultConfigurationName = Release;
		};
		4628742123975DB600004090 /* Build configuration list for PBXNativeTarget "testMaterialTests" */ = {
			isa = XCConfigurationList;
			buildConfigurations = (
				4628742223975DB600004090 /* Debug */,
				4628742323975DB600004090 /* Release */,
			);
			defaultConfigurationIsVisible = 0;
			defaultConfigurationName = Release;
		};
		4628742423975DB600004090 /* Build configuration list for PBXNativeTarget "testMaterialUITests" */ = {
			isa = XCConfigurationList;
			buildConfigurations = (
				4628742523975DB600004090 /* Debug */,
				4628742623975DB600004090 /* Release */,
			);
			defaultConfigurationIsVisible = 0;
			defaultConfigurationName = Release;
		};
/* End XCConfigurationList section */
	};
	rootObject = 462873EC23975DB400004090 /* Project object */;
}
